{
  "name": "image-importer",
  "version": "2.0.6",
  "lockfileVersion": 2,
  "requires": true,
  "packages": {
    "": {
      "name": "image-importer",
      "version": "2.0.6",
      "license": "ISC",
      "dependencies": {
        "commander": "^9.0.0",
        "exifreader": "^4.1.0"
      },
      "bin": {
        "image-importer": "image-importer.js"
      }
    },
    "node_modules/@xmldom/xmldom": {
      "version": "0.7.5",
      "resolved": "https://registry.npmjs.org/@xmldom/xmldom/-/xmldom-0.7.5.tgz",
      "integrity": "sha512-V3BIhmY36fXZ1OtVcI9W+FxQqxVLsPKcNjWigIaa81dLC9IolJl5Mt4Cvhmr0flUnjSpTdrbMTSbXqYqV5dT6A==",
      "optional": true,
      "engines": {
        "node": ">=10.0.0"
      }
    },
    "node_modules/commander": {
      "version": "9.0.0",
      "resolved": "https://registry.npmjs.org/commander/-/commander-9.0.0.tgz",
      "integrity": "sha512-JJfP2saEKbQqvW+FI93OYUB4ByV5cizMpFMiiJI8xDbBvQvSkIk0VvQdn1CZ8mqAO8Loq2h0gYTYtDFUZUeERw==",
      "engines": {
        "node": "^12.20.0 || >=14"
      }
    },
    "node_modules/exifreader": {
      "version": "4.2.0",
      "resolved": "https://registry.npmjs.org/exifreader/-/exifreader-4.2.0.tgz",
      "integrity": "sha512-PfBYmkC4jqVRC+hIJevXuCY6RQDCy3XrIb9+S4Ro2gSeRepbDLx3SQoD89Go3e+eeV5QdEg71q3aWA2DgeKSGw==",
      "hasInstallScript": true,
      "optionalDependencies": {
        "@xmldom/xmldom": "^0.7.5"
      }
    }
  },
  "dependencies": {
    "@xmldom/xmldom": {
      "version": "0.7.5",
      "resolved": "https://registry.npmjs.org/@xmldom/xmldom/-/xmldom-0.7.5.tgz",
      "integrity": "sha512-V3BIhmY36fXZ1OtVcI9W+FxQqxVLsPKcNjWigIaa81dLC9IolJl5Mt4Cvhmr0flUnjSpTdrbMTSbXqYqV5dT6A==",
      "optional": true
    },
    "commander": {
      "version": "9.0.0",
      "resolved": "https://registry.npmjs.org/commander/-/commander-9.0.0.tgz",
      "integrity": "sha512-JJfP2saEKbQqvW+FI93OYUB4ByV5cizMpFMiiJI8xDbBvQvSkIk0VvQdn1CZ8mqAO8Loq2h0gYTYtDFUZUeERw=="
    },
    "exifreader": {
      "version": "4.2.0",
      "resolved": "https://registry.npmjs.org/exifreader/-/exifreader-4.2.0.tgz",
      "integrity": "sha512-PfBYmkC4jqVRC+hIJevXuCY6RQDCy3XrIb9+S4Ro2gSeRepbDLx3SQoD89Go3e+eeV5QdEg71q3aWA2DgeKSGw==",
      "requires": {
        "@xmldom/xmldom": "^0.7.5"
      }
    }
  }
}
